
Microsoft Visual Studio Solution File, Format Version 12.00
# Visual Studio Version 16
VisualStudioVersion = 16.0.810.20
MinimumVisualStudioVersion = 10.0.40219.1
Project("{FAE04EC0-301F-11D3-BF4B-00C04F79EFBC}") = "Catalyte.Apparel.API", "Catalyte.Apparel.API.csproj", "{443F1E79-7D90-4EAC-A495-F9A15EB443CA}"
EndProject
Global
	GlobalSection(SolutionConfigurationPlatforms) = preSolution
		Debug|Any CPU = Debug|Any CPU
		Release|Any CPU = Release|Any CPU
	EndGlobalSection
	GlobalSection(ProjectConfigurationPlatforms) = postSolution
		{443F1E79-7D90-4EAC-A495-F9A15EB443CA}.Debug|Any CPU.ActiveCfg = Debug|Any CPU
		{443F1E79-7D90-4EAC-A495-F9A15EB443CA}.Debug|Any CPU.Build.0 = Debug|Any CPU
		{443F1E79-7D90-4EAC-A495-F9A15EB443CA}.Release|Any CPU.ActiveCfg = Release|Any CPU
		{443F1E79-7D90-4EAC-A495-F9A15EB443CA}.Release|Any CPU.Build.0 = Release|Any CPU
	EndGlobalSection
	GlobalSection(SolutionProperties) = preSolution
		HideSolutionNode = FALSE
	EndGlobalSection
	GlobalSection(ExtensibilityGlobals) = postSolution
		SolutionGuid = {6A487C10-706F-438B-90B2-75628B7567FA}
	EndGlobalSection
EndGlobal
